{
  "requires": true,
  "lockfileVersion": 1,
  "dependencies": {
    "any-promise": {
      "version": "1.3.0",
      "resolved": "https://registry.npmjs.org/any-promise/-/any-promise-1.3.0.tgz",
      "integrity": "sha1-q8av7tzqUugJzcA3au0845Y10X8="
    },
    "cedict-lookup": {
      "version": "0.0.2",
      "resolved": "https://registry.npmjs.org/cedict-lookup/-/cedict-lookup-0.0.2.tgz",
      "integrity": "sha1-GX6OyqBJNqlJn3PZlJapixEOgUs="
    },
    "dot-into": {
      "version": "1.0.2",
      "resolved": "https://registry.npmjs.org/dot-into/-/dot-into-1.0.2.tgz",
      "integrity": "sha1-ID/Oj4w80B44C1Ce6XxAJKoQyDA="
    },
    "is-plain-object": {
      "version": "2.0.4",
      "resolved": "https://registry.npmjs.org/is-plain-object/-/is-plain-object-2.0.4.tgz",
      "integrity": "sha512-h5PpgXkWitc38BBMYawTYMWJHFZJVnBquFE57xFpjB8pJFiF6gZ+bU+WyI/yqXiFR5mdLsgYNaPe8uao6Uv9Og==",
      "requires": {
        "isobject": "^3.0.1"
      }
    },
    "isobject": {
      "version": "3.0.1",
      "resolved": "https://registry.npmjs.org/isobject/-/isobject-3.0.1.tgz",
      "integrity": "sha1-TkMekrEalzFjaqH5yNHMvP2reN8="
    },
    "pinyin-split": {
      "version": "1.144.0",
      "resolved": "https://registry.npmjs.org/pinyin-split/-/pinyin-split-1.144.0.tgz",
      "integrity": "sha512-diYpHP+A9K6Q3QjWrC8rznsSuchtc6roylYnaLBTMwJjRw322m3NdrjvgrsFJQnvec8jeLYcGVSEwGi/CqpeiQ=="
    },
    "pinyin-utils": {
      "version": "git+https://git@github.com/agj/pinyin-utils.git#93a1cdfbba775869f221e5ed385273e6ad047ea1",
      "from": "git+https://git@github.com/agj/pinyin-utils.git#dev"
    },
    "promise-all": {
      "version": "1.0.0",
      "resolved": "https://registry.npmjs.org/promise-all/-/promise-all-1.0.0.tgz",
      "integrity": "sha1-lvLHGXPJTxEm8ABGNkjhOi0QC4Q=",
      "requires": {
        "is-plain-object": "^2.0.1"
      }
    },
    "ramda": {
      "version": "0.25.0",
      "resolved": "https://registry.npmjs.org/ramda/-/ramda-0.25.0.tgz",
      "integrity": "sha512-GXpfrYVPwx3K7RQ6aYT8KPS8XViSXUVJT1ONhoKPE9VAleW42YE+U+8VEyGWt41EnEQW7gwecYJriTI0pKoecQ=="
    },
    "thenify": {
      "version": "3.3.0",
      "resolved": "https://registry.npmjs.org/thenify/-/thenify-3.3.0.tgz",
      "integrity": "sha1-5p44obq+lpsBCCB5eLn2K4hgSDk=",
      "requires": {
        "any-promise": "^1.0.0"
      }
    },
    "wanakana": {
      "version": "2.3.4",
      "resolved": "https://registry.npmjs.org/wanakana/-/wanakana-2.3.4.tgz",
      "integrity": "sha512-OcZelffPMb9Rb38sw1n+ywQWxUCI8NTnYJ4PYzsHbUPEjB7bGPd1d5tBxAoZozeLM0HrPRSG7n6BjEtzpRAXpg=="
    },
    "xregexp": {
      "version": "4.0.0",
      "resolved": "https://registry.npmjs.org/xregexp/-/xregexp-4.0.0.tgz",
      "integrity": "sha512-PHyM+sQouu7xspQQwELlGwwd05mXUFqwFYfqPO0cC7x4fxyHnnuetmQr6CjJiafIDoH4MogHb9dOoJzR/Y4rFg=="
    },
    "zhuyin": {
      "version": "1.14.0",
      "resolved": "https://registry.npmjs.org/zhuyin/-/zhuyin-1.14.0.tgz",
      "integrity": "sha512-m0gpSLP77jPZj2l+Pyiws01T51/UhZZlpGEtWldGxkulzBF4lCywaFJ1gGhzfSHWrC8uC8qaKLuymld2JvW38A==",
      "requires": {
        "pinyin-split": "^1.140.0",
        "pinyin-utils": "^2.3.0"
      },
      "dependencies": {
        "pinyin-utils": {
          "version": "2.6.0",
          "resolved": "https://registry.npmjs.org/pinyin-utils/-/pinyin-utils-2.6.0.tgz",
          "integrity": "sha512-+gLuX2d54/pYgnkhrBeJOn+vgcubDCnYyu8GiYAj/vQrazYdJpp730FzWfijtl0VA9B3fIdebnzWXrNI79iiEg=="
        }
      }
    }
  }
}
