{
  "name": "hanzi",
  "version": "1.0.0",
  "lockfileVersion": 1,
  "requires": true,
  "dependencies": {
    "dot-into": {
      "version": "1.0.2",
      "resolved": "https://registry.npmjs.org/dot-into/-/dot-into-1.0.2.tgz",
      "integrity": "sha1-ID/Oj4w80B44C1Ce6XxAJKoQyDA="
    },
    "pinyin-utils": {
      "version": "1.0.4",
      "resolved": "https://registry.npmjs.org/pinyin-utils/-/pinyin-utils-1.0.4.tgz",
      "integrity": "sha1-Pk9aOhi3rUbmRbykeOL7gk0bjkQ="
    },
    "ramda": {
      "version": "0.25.0",
      "resolved": "https://registry.npmjs.org/ramda/-/ramda-0.25.0.tgz",
      "integrity": "sha512-GXpfrYVPwx3K7RQ6aYT8KPS8XViSXUVJT1ONhoKPE9VAleW42YE+U+8VEyGWt41EnEQW7gwecYJriTI0pKoecQ=="
    },
    "wanakana": {
      "version": "2.3.4",
      "resolved": "https://registry.npmjs.org/wanakana/-/wanakana-2.3.4.tgz",
      "integrity": "sha512-OcZelffPMb9Rb38sw1n+ywQWxUCI8NTnYJ4PYzsHbUPEjB7bGPd1d5tBxAoZozeLM0HrPRSG7n6BjEtzpRAXpg=="
    }
  }
}
