{
  "requires": true,
  "lockfileVersion": 1,
  "dependencies": {
    "dot-into": {
      "version": "1.0.2",
      "resolved": "https://registry.npmjs.org/dot-into/-/dot-into-1.0.2.tgz",
      "integrity": "sha1-ID/Oj4w80B44C1Ce6XxAJKoQyDA="
    },
    "pinyin-utils": {
      "version": "git+https://git@github.com/agj/pinyin-utils.git#35ee60abede3d4622846a008b5e5e8ce1f869bf1"
    },
    "ramda": {
      "version": "0.25.0",
      "resolved": "https://registry.npmjs.org/ramda/-/ramda-0.25.0.tgz",
      "integrity": "sha512-GXpfrYVPwx3K7RQ6aYT8KPS8XViSXUVJT1ONhoKPE9VAleW42YE+U+8VEyGWt41EnEQW7gwecYJriTI0pKoecQ=="
    },
    "wanakana": {
      "version": "2.3.4",
      "resolved": "https://registry.npmjs.org/wanakana/-/wanakana-2.3.4.tgz",
      "integrity": "sha512-OcZelffPMb9Rb38sw1n+ywQWxUCI8NTnYJ4PYzsHbUPEjB7bGPd1d5tBxAoZozeLM0HrPRSG7n6BjEtzpRAXpg=="
    },
    "xregexp": {
      "version": "4.0.0",
      "resolved": "https://registry.npmjs.org/xregexp/-/xregexp-4.0.0.tgz",
      "integrity": "sha512-PHyM+sQouu7xspQQwELlGwwd05mXUFqwFYfqPO0cC7x4fxyHnnuetmQr6CjJiafIDoH4MogHb9dOoJzR/Y4rFg=="
    }
  }
}
