lockfileVersion: '9.0'

settings:
  autoInstallPeers: true
  excludeLinksFromLockfile: false

importers:

  .:
    dependencies:
      '@types/node':
        specifier: 24.12.0
        version: 24.12.0
      '@types/ramda':
        specifier: 0.25.0
        version: 0.25.0
      cedict-lookup:
        specifier: 0.0.2
        version: 0.0.2
      dot-into:
        specifier: 2.0.0
        version: 2.0.0
      pinyin-utils:
        specifier: 2.32.0
        version: 2.32.0
      ramda:
        specifier: 0.25.0
        version: 0.25.0
      thenify:
        specifier: ^3.3.0
        version: 3.3.1
      wanakana:
        specifier: 5.3.1
        version: 5.3.1
      xregexp:
        specifier: ^4.0.0
        version: 4.4.1
      zhuyin:
        specifier: ^1.14.0
        version: 1.14.0

packages:

  '@babel/runtime-corejs3@7.29.2':
    resolution: {integrity: sha512-Lc94FOD5+0aXhdb0Tdg3RUtqT6yWbI/BbFWvlaSJ3gAb9Ks+99nHRDKADVqC37er4eCB0fHyWT+y+K3QOvJKbw==}
    engines: {node: '>=6.9.0'}

  '@types/node@24.12.0':
    resolution: {integrity: sha512-GYDxsZi3ChgmckRT9HPU0WEhKLP08ev/Yfcq2AstjrDASOYCSXeyjDsHg4v5t4jOj7cyDX3vmprafKlWIG9MXQ==}

  '@types/ramda@0.25.0':
    resolution: {integrity: sha512-5IdrohP5RJe1kbMnJ4MvQFfwA1Iqyme1b4/5mIzDiVDrR0L/AuhozrxaUGXpZRHWvJkTHQCf9yNSr+CaLM+QdA==}

  any-promise@1.3.0:
    resolution: {integrity: sha512-7UvmKalWRt1wgjL1RrGxoSJW/0QZFIegpeGvZG9kjp8vrRu55XTHbwnqq2GpXm9uLbcuhxm3IqX9OB4MZR1b2A==}

  cedict-lookup@0.0.2:
    resolution: {integrity: sha512-UAZbVlxHMvi0FSQZt63hSTYILgexbCXeIZvDmPBLlpYjzioKi5fJF+0J784kxmRZ+ypnJ4/7xbHiITyI4kD6eg==}

  core-js-pure@3.49.0:
    resolution: {integrity: sha512-XM4RFka59xATyJv/cS3O3Kml72hQXUeGRuuTmMYFxwzc9/7C8OYTaIR/Ji+Yt8DXzsFLNhat15cE/JP15HrCgw==}

  dot-into@2.0.0:
    resolution: {integrity: sha512-n+zpHJMmpNKmaubPrILSMDyh83HNjclUlRdYxCYNkcHWwOP3fZA3N7Yy2vrzXd6ysEr1qNxcaVNrmMcHSibPeg==}

  pinyin-split@1.170.0:
    resolution: {integrity: sha512-7hlVgPSxAg2qDrStiOJy0kSWT1/uxo5jw0FPdqr/yIS1ugR3YXawRR6LWrkBOQCe+FSci1mr4Z1MOiCEG3gi4Q==}

  pinyin-utils@2.32.0:
    resolution: {integrity: sha512-jgPlD0lhF9GCxhFkUD+KZ0NEHw3QCIGX1n11DPmPvvgqvrX3YUdlp2p7bdrbejnjmzNK+BJaDwG9uyApw3xL8Q==}

  ramda@0.25.0:
    resolution: {integrity: sha512-GXpfrYVPwx3K7RQ6aYT8KPS8XViSXUVJT1ONhoKPE9VAleW42YE+U+8VEyGWt41EnEQW7gwecYJriTI0pKoecQ==}

  thenify@3.3.1:
    resolution: {integrity: sha512-RVZSIV5IG10Hk3enotrhvz0T9em6cyHBLkH/YAZuKqd8hRkKhSfCGIcP2KUY0EPxndzANBmNllzWPwak+bheSw==}

  undici-types@7.16.0:
    resolution: {integrity: sha512-Zz+aZWSj8LE6zoxD+xrjh4VfkIG8Ya6LvYkZqtUQGJPZjYl53ypCaUwWqo7eI0x66KBGeRo+mlBEkMSeSZ38Nw==}

  wanakana@5.3.1:
    resolution: {integrity: sha512-OSDqupzTlzl2LGyqTdhcXcl6ezMiFhcUwLBP8YKaBIbMYW1wAwDvupw2T9G9oVaKT9RmaSpyTXjxddFPUcFFIw==}
    engines: {node: '>=12'}

  xregexp@4.4.1:
    resolution: {integrity: sha512-2u9HwfadaJaY9zHtRRnH6BY6CQVNQKkYm3oLtC9gJXXzfsbACg5X5e4EZZGVAH+YIfa+QA9lsFQTTe3HURF3ag==}

  zhuyin@1.14.0:
    resolution: {integrity: sha512-m0gpSLP77jPZj2l+Pyiws01T51/UhZZlpGEtWldGxkulzBF4lCywaFJ1gGhzfSHWrC8uC8qaKLuymld2JvW38A==}

snapshots:

  '@babel/runtime-corejs3@7.29.2':
    dependencies:
      core-js-pure: 3.49.0

  '@types/node@24.12.0':
    dependencies:
      undici-types: 7.16.0

  '@types/ramda@0.25.0': {}

  any-promise@1.3.0: {}

  cedict-lookup@0.0.2: {}

  core-js-pure@3.49.0: {}

  dot-into@2.0.0: {}

  pinyin-split@1.170.0: {}

  pinyin-utils@2.32.0: {}

  ramda@0.25.0: {}

  thenify@3.3.1:
    dependencies:
      any-promise: 1.3.0

  undici-types@7.16.0: {}

  wanakana@5.3.1: {}

  xregexp@4.4.1:
    dependencies:
      '@babel/runtime-corejs3': 7.29.2

  zhuyin@1.14.0:
    dependencies:
      pinyin-split: 1.170.0
      pinyin-utils: 2.32.0
