lockfileVersion: '9.0'

settings:
  autoInstallPeers: true
  excludeLinksFromLockfile: false

importers:

  .:
    dependencies:
      '@types/node':
        specifier: 24.12.0
        version: 24.12.0
      '@types/ramda':
        specifier: 0.31.1
        version: 0.31.1
      cedict-lookup:
        specifier: 0.0.2
        version: 0.0.2
      dot-into:
        specifier: 2.0.0
        version: 2.0.0
      pinyin-utils:
        specifier: 2.32.0
        version: 2.32.0
      ramda:
        specifier: 0.31.3
        version: 0.31.3
      wanakana:
        specifier: 5.3.1
        version: 5.3.1
      zhuyin:
        specifier: ^1.14.0
        version: 1.14.0
      zod:
        specifier: 4.3.6
        version: 4.3.6

packages:

  '@types/node@24.12.0':
    resolution: {integrity: sha512-GYDxsZi3ChgmckRT9HPU0WEhKLP08ev/Yfcq2AstjrDASOYCSXeyjDsHg4v5t4jOj7cyDX3vmprafKlWIG9MXQ==}

  '@types/ramda@0.31.1':
    resolution: {integrity: sha512-Vt6sFXnuRpzaEj+yeutA0q3bcAsK7wdPuASIzR9LXqL4gJPyFw8im9qchlbp4ltuf3kDEIRmPJTD/Fkg60dn7g==}

  cedict-lookup@0.0.2:
    resolution: {integrity: sha512-UAZbVlxHMvi0FSQZt63hSTYILgexbCXeIZvDmPBLlpYjzioKi5fJF+0J784kxmRZ+ypnJ4/7xbHiITyI4kD6eg==}

  dot-into@2.0.0:
    resolution: {integrity: sha512-n+zpHJMmpNKmaubPrILSMDyh83HNjclUlRdYxCYNkcHWwOP3fZA3N7Yy2vrzXd6ysEr1qNxcaVNrmMcHSibPeg==}

  pinyin-split@1.170.0:
    resolution: {integrity: sha512-7hlVgPSxAg2qDrStiOJy0kSWT1/uxo5jw0FPdqr/yIS1ugR3YXawRR6LWrkBOQCe+FSci1mr4Z1MOiCEG3gi4Q==}

  pinyin-utils@2.32.0:
    resolution: {integrity: sha512-jgPlD0lhF9GCxhFkUD+KZ0NEHw3QCIGX1n11DPmPvvgqvrX3YUdlp2p7bdrbejnjmzNK+BJaDwG9uyApw3xL8Q==}

  ramda@0.31.3:
    resolution: {integrity: sha512-xKADKRNnqmDdX59PPKLm3gGmk1ZgNnj3k7DryqWwkamp4TJ6B36DdpyKEQ0EoEYmH2R62bV4Q+S0ym2z8N2f3Q==}

  ts-toolbelt@9.6.0:
    resolution: {integrity: sha512-nsZd8ZeNUzukXPlJmTBwUAuABDe/9qtVDelJeT/qW0ow3ZS3BsQJtNkan1802aM9Uf68/Y8ljw86Hu0h5IUW3w==}

  types-ramda@0.31.0:
    resolution: {integrity: sha512-vaoC35CRC3xvL8Z6HkshDbi6KWM1ezK0LHN0YyxXWUn9HKzBNg/T3xSGlJZjCYspnOD3jE7bcizsp0bUXZDxnQ==}

  undici-types@7.16.0:
    resolution: {integrity: sha512-Zz+aZWSj8LE6zoxD+xrjh4VfkIG8Ya6LvYkZqtUQGJPZjYl53ypCaUwWqo7eI0x66KBGeRo+mlBEkMSeSZ38Nw==}

  wanakana@5.3.1:
    resolution: {integrity: sha512-OSDqupzTlzl2LGyqTdhcXcl6ezMiFhcUwLBP8YKaBIbMYW1wAwDvupw2T9G9oVaKT9RmaSpyTXjxddFPUcFFIw==}
    engines: {node: '>=12'}

  zhuyin@1.14.0:
    resolution: {integrity: sha512-m0gpSLP77jPZj2l+Pyiws01T51/UhZZlpGEtWldGxkulzBF4lCywaFJ1gGhzfSHWrC8uC8qaKLuymld2JvW38A==}

  zod@4.3.6:
    resolution: {integrity: sha512-rftlrkhHZOcjDwkGlnUtZZkvaPHCsDATp4pGpuOOMDaTdDDXF91wuVDJoWoPsKX/3YPQ5fHuF3STjcYyKr+Qhg==}

snapshots:

  '@types/node@24.12.0':
    dependencies:
      undici-types: 7.16.0

  '@types/ramda@0.31.1':
    dependencies:
      types-ramda: 0.31.0

  cedict-lookup@0.0.2: {}

  dot-into@2.0.0: {}

  pinyin-split@1.170.0: {}

  pinyin-utils@2.32.0: {}

  ramda@0.31.3: {}

  ts-toolbelt@9.6.0: {}

  types-ramda@0.31.0:
    dependencies:
      ts-toolbelt: 9.6.0

  undici-types@7.16.0: {}

  wanakana@5.3.1: {}

  zhuyin@1.14.0:
    dependencies:
      pinyin-split: 1.170.0
      pinyin-utils: 2.32.0

  zod@4.3.6: {}
